
Microsoft Visual Studio Solution File, Format Version 12.00
# Visual Studio Version 16
VisualStudioVersion = 16.0.30611.23
MinimumVisualStudioVersion = 10.0.40219.1
Project("{FAE04EC0-301F-11D3-BF4B-00C04F79EFBC}") = "BasicAuthenticationWebAPI", "BasicAuthenticationWebAPI.csproj", "{019FB4A2-D1C7-495C-9C1D-B8F7C0C846D9}"
EndProject
Project("{FAE04EC0-301F-11D3-BF4B-00C04F79EFBC}") = "BasicAuthenticationWebAPI.BL", "..\BasicAuthenticationWebAPI.BL\BasicAuthenticationWebAPI.BL.csproj", "{0C07644E-B0DB-448B-801B-27194B76B959}"
EndProject
Project("{FAE04EC0-301F-11D3-BF4B-00C04F79EFBC}") = "BasicAuthenticationWebAPI.Model", "..\BasicAuthenticationWebAPI.Model\BasicAuthenticationWebAPI.Model.csproj", "{90548DB5-8D19-4DCE-9DC7-A955829D1D08}"
EndProject
Global
	GlobalSection(SolutionConfigurationPlatforms) = preSolution
		Debug|Any CPU = Debug|Any CPU
		Release|Any CPU = Release|Any CPU
	EndGlobalSection
	GlobalSection(ProjectConfigurationPlatforms) = postSolution
		{019FB4A2-D1C7-495C-9C1D-B8F7C0C846D9}.Debug|Any CPU.ActiveCfg = Debug|Any CPU
		{019FB4A2-D1C7-495C-9C1D-B8F7C0C846D9}.Debug|Any CPU.Build.0 = Debug|Any CPU
		{019FB4A2-D1C7-495C-9C1D-B8F7C0C846D9}.Release|Any CPU.ActiveCfg = Release|Any CPU
		{019FB4A2-D1C7-495C-9C1D-B8F7C0C846D9}.Release|Any CPU.Build.0 = Release|Any CPU
		{0C07644E-B0DB-448B-801B-27194B76B959}.Debug|Any CPU.ActiveCfg = Debug|Any CPU
		{0C07644E-B0DB-448B-801B-27194B76B959}.Debug|Any CPU.Build.0 = Debug|Any CPU
		{0C07644E-B0DB-448B-801B-27194B76B959}.Release|Any CPU.ActiveCfg = Release|Any CPU
		{0C07644E-B0DB-448B-801B-27194B76B959}.Release|Any CPU.Build.0 = Release|Any CPU
		{90548DB5-8D19-4DCE-9DC7-A955829D1D08}.Debug|Any CPU.ActiveCfg = Debug|Any CPU
		{90548DB5-8D19-4DCE-9DC7-A955829D1D08}.Debug|Any CPU.Build.0 = Debug|Any CPU
		{90548DB5-8D19-4DCE-9DC7-A955829D1D08}.Release|Any CPU.ActiveCfg = Release|Any CPU
		{90548DB5-8D19-4DCE-9DC7-A955829D1D08}.Release|Any CPU.Build.0 = Release|Any CPU
	EndGlobalSection
	GlobalSection(SolutionProperties) = preSolution
		HideSolutionNode = FALSE
	EndGlobalSection
	GlobalSection(ExtensibilityGlobals) = postSolution
		SolutionGuid = {61DBA02D-E17F-40A0-AEA0-47B76E7A4A88}
	EndGlobalSection
EndGlobal
